
Microsoft Visual Studio Solution File, Format Version 12.00
# Visual Studio Version 16
VisualStudioVersion = 16.0.30320.27
MinimumVisualStudioVersion = 10.0.40219.1
Project("{9A19103F-16F7-4668-BE54-9A1E7A4F7556}") = "ApplyricationProgrammingInterfaceBack", "ApplyricationProgrammingInterfaceBack\ApplyricationProgrammingInterfaceBack.csproj", "{26546C75-4CAE-4922-B8E0-997499751D6C}"
EndProject
Project("{9A19103F-16F7-4668-BE54-9A1E7A4F7556}") = "ApplyricationProgrammingInterfaceFront", "ApplyricationProgrammingInterfaceFront\ApplyricationProgrammingInterfaceFront.csproj", "{2A931985-8CE6-4C6E-9768-B6A55D7EE792}"
EndProject
Global
	GlobalSection(SolutionConfigurationPlatforms) = preSolution
		Debug|Any CPU = Debug|Any CPU
		Release|Any CPU = Release|Any CPU
	EndGlobalSection
	GlobalSection(ProjectConfigurationPlatforms) = postSolution
		{26546C75-4CAE-4922-B8E0-997499751D6C}.Debug|Any CPU.ActiveCfg = Debug|Any CPU
		{26546C75-4CAE-4922-B8E0-997499751D6C}.Debug|Any CPU.Build.0 = Debug|Any CPU
		{26546C75-4CAE-4922-B8E0-997499751D6C}.Release|Any CPU.ActiveCfg = Release|Any CPU
		{26546C75-4CAE-4922-B8E0-997499751D6C}.Release|Any CPU.Build.0 = Release|Any CPU
		{2A931985-8CE6-4C6E-9768-B6A55D7EE792}.Debug|Any CPU.ActiveCfg = Debug|Any CPU
		{2A931985-8CE6-4C6E-9768-B6A55D7EE792}.Debug|Any CPU.Build.0 = Debug|Any CPU
		{2A931985-8CE6-4C6E-9768-B6A55D7EE792}.Release|Any CPU.ActiveCfg = Release|Any CPU
		{2A931985-8CE6-4C6E-9768-B6A55D7EE792}.Release|Any CPU.Build.0 = Release|Any CPU
	EndGlobalSection
	GlobalSection(SolutionProperties) = preSolution
		HideSolutionNode = FALSE
	EndGlobalSection
	GlobalSection(ExtensibilityGlobals) = postSolution
		SolutionGuid = {4F722C9D-0E63-4BC5-B815-EE58FEBB9BAB}
	EndGlobalSection
EndGlobal
